<?xml version="1.0" encoding="utf-8"?>
<Project ToolsVersion="4.0" xmlns="http://schemas.microsoft.com/developer/msbuild/2003">
  <ItemGroup>
    <ClCompile Include="Main.cpp" />
    <ClCompile Include="pch.cpp" />
    <ClCompile Include="LoginScene.cpp">
      <Filter>Scenes</Filter>
    </ClCompile>
    <ClCompile Include="RoomSelectorScene.cpp">
      <Filter>Scenes</Filter>
    </ClCompile>
    <ClCompile Include="TestComponent.cpp">
      <Filter>Testing</Filter>
    </ClCompile>
    <ClCompile Include="TestScene.cpp">
      <Filter>Testing</Filter>
    </ClCompile>
    <ClCompile Include="ChatBoxComponent.cpp">
      <Filter>Components</Filter>
    </ClCompile>
  </ItemGroup>
  <ItemGroup>
    <ClInclude Include="pch.h" />
    <ClInclude Include="LoginScene.h">
      <Filter>Scenes</Filter>
    </ClInclude>
    <ClInclude Include="RoomSelectorScene.h">
      <Filter>Scenes</Filter>
    </ClInclude>
    <ClInclude Include="TestComponent.h">
      <Filter>Testing</Filter>
    </ClInclude>
    <ClInclude Include="TestScene.h">
      <Filter>Testing</Filter>
    </ClInclude>
    <ClInclude Include="ChatBoxComponent.h">
      <Filter>Components</Filter>
    </ClInclude>
  </ItemGroup>
  <ItemGroup>
    <None Include="packages.config" />
  </ItemGroup>
  <ItemGroup>
    <Filter Include="Scenes">
      <UniqueIdentifier>{00078ac6-e64a-45fc-ac96-534b483d8845}</UniqueIdentifier>
    </Filter>
    <Filter Include="Components">
      <UniqueIdentifier>{0c5343b0-16a8-4113-9b00-231e1134402d}</UniqueIdentifier>
    </Filter>
    <Filter Include="Testing">
      <UniqueIdentifier>{7d99301f-f4d6-4df1-8bf9-ea1132acea28}</UniqueIdentifier>
    </Filter>
  </ItemGroup>
</Project>