<?xml version="1.0" encoding="utf-8"?>
<Project ToolsVersion="4.0" xmlns="http://schemas.microsoft.com/developer/msbuild/2003">
  <ItemGroup>
    <Filter Include="Engine Files">
      <UniqueIdentifier>{93995380-89BD-4b04-88EB-625FBE52EBFB}</UniqueIdentifier>
      <Extensions>h;hh;hpp;hxx;hm;inl;inc;xsd</Extensions>
    </Filter>
    <Filter Include="Singletons">
      <UniqueIdentifier>{aebd687d-0041-4a26-9c58-57fdec4d36e2}</UniqueIdentifier>
    </Filter>
    <Filter Include="ResourceWrappers">
      <UniqueIdentifier>{b0e71017-6206-42ba-890e-5b180fb60dba}</UniqueIdentifier>
    </Filter>
    <Filter Include="UtilityFiles">
      <UniqueIdentifier>{ee763edb-5850-421b-b259-911e4e85283e}</UniqueIdentifier>
    </Filter>
    <Filter Include="ToSort">
      <UniqueIdentifier>{a1b121a2-9758-4b25-9a8d-807c4a8669c2}</UniqueIdentifier>
    </Filter>
    <Filter Include="UtilityFiles\Other">
      <UniqueIdentifier>{30aa478f-923a-4adc-a513-05c492a4d6cf}</UniqueIdentifier>
    </Filter>
    <Filter Include="Scenegraph">
      <UniqueIdentifier>{447f32ab-b38c-4044-a8f4-d0d101ba5cbc}</UniqueIdentifier>
    </Filter>
    <Filter Include="Scenegraph\Components">
      <UniqueIdentifier>{b1aec433-79b6-4dbf-9e2f-6b5899051365}</UniqueIdentifier>
    </Filter>
    <Filter Include="Scenegraph\Components\Physics">
      <UniqueIdentifier>{db23e6a5-53da-4662-b329-8fab0adce667}</UniqueIdentifier>
    </Filter>
    <Filter Include="Scenegraph\Physics">
      <UniqueIdentifier>{8356f78e-41f2-4758-8a7c-4fe979a664f7}</UniqueIdentifier>
    </Filter>
    <Filter Include="ImGui">
      <UniqueIdentifier>{1fa24407-fcd2-4b07-9e88-dac70fa68191}</UniqueIdentifier>
    </Filter>
    <Filter Include="ImGui\backends">
      <UniqueIdentifier>{722d7989-74fb-4a2a-9194-755acb276330}</UniqueIdentifier>
    </Filter>
    <Filter Include="ToSort\UI">
      <UniqueIdentifier>{a196ffc1-e967-4c80-b2dd-e4ec80bd7609}</UniqueIdentifier>
    </Filter>
  </ItemGroup>
  <ItemGroup>
    <ClInclude Include="PeakAEnginePCH.h" />
    <ClInclude Include="PeakAEnginePCH.h" />
    <ClInclude Include="Logger.h">
      <Filter>Singletons</Filter>
    </ClInclude>
    <ClInclude Include="PeakAEngine.h">
      <Filter>Engine Files</Filter>
    </ClInclude>
    <ClInclude Include="Subject.h">
      <Filter>ToSort</Filter>
    </ClInclude>
    <ClInclude Include="BaseObserver.h">
      <Filter>ToSort</Filter>
    </ClInclude>
    <ClInclude Include="Singleton.h">
      <Filter>UtilityFiles</Filter>
    </ClInclude>
    <ClInclude Include="Dictionary.h">
      <Filter>UtilityFiles</Filter>
    </ClInclude>
    <ClInclude Include="Reflection.h">
      <Filter>UtilityFiles</Filter>
    </ClInclude>
    <ClInclude Include="JsonParser.h">
      <Filter>UtilityFiles\Other</Filter>
    </ClInclude>
    <ClInclude Include="FileIO.h">
      <Filter>UtilityFiles\Other</Filter>
    </ClInclude>
    <ClInclude Include="Time.h">
      <Filter>Singletons</Filter>
    </ClInclude>
    <ClInclude Include="ResourceManager.h">
      <Filter>Singletons</Filter>
    </ClInclude>
    <ClInclude Include="RenderManager.h">
      <Filter>Singletons</Filter>
    </ClInclude>
    <ClInclude Include="InputManager.h">
      <Filter>Singletons</Filter>
    </ClInclude>
    <ClInclude Include="Texture2D.h">
      <Filter>ResourceWrappers</Filter>
    </ClInclude>
    <ClInclude Include="RenderTarget.h">
      <Filter>ResourceWrappers</Filter>
    </ClInclude>
    <ClInclude Include="Scene.h">
      <Filter>Scenegraph</Filter>
    </ClInclude>
    <ClInclude Include="GameObject.h">
      <Filter>Scenegraph</Filter>
    </ClInclude>
    <ClInclude Include="Component.h">
      <Filter>Scenegraph\Components</Filter>
    </ClInclude>
    <ClInclude Include="PhysicsHandler.h">
      <Filter>Scenegraph\Physics</Filter>
    </ClInclude>
    <ClInclude Include="Transform.h">
      <Filter>Scenegraph\Components</Filter>
    </ClInclude>
    <ClInclude Include="BoxCollider.h">
      <Filter>Scenegraph\Components\Physics</Filter>
    </ClInclude>
    <ClInclude Include="RigidBody.h">
      <Filter>Scenegraph\Components\Physics</Filter>
    </ClInclude>
    <ClInclude Include="SceneManager.h">
      <Filter>Singletons</Filter>
    </ClInclude>
    <ClInclude Include="RenderComponent.h">
      <Filter>Scenegraph\Components</Filter>
    </ClInclude>
    <ClInclude Include="SpriteRenderer.h">
      <Filter>Scenegraph\Components</Filter>
    </ClInclude>
    <ClInclude Include="GUIManager.h">
      <Filter>Singletons</Filter>
    </ClInclude>
    <ClInclude Include="..\3rdParty\DearImGui\imconfig.h">
      <Filter>ImGui</Filter>
    </ClInclude>
    <ClInclude Include="..\3rdParty\DearImGui\imgui.h">
      <Filter>ImGui</Filter>
    </ClInclude>
    <ClInclude Include="..\3rdParty\DearImGui\imgui_internal.h">
      <Filter>ImGui</Filter>
    </ClInclude>
    <ClInclude Include="..\3rdParty\DearImGui\imstb_rectpack.h">
      <Filter>ImGui</Filter>
    </ClInclude>
    <ClInclude Include="..\3rdParty\DearImGui\imstb_textedit.h">
      <Filter>ImGui</Filter>
    </ClInclude>
    <ClInclude Include="..\3rdParty\DearImGui\imstb_truetype.h">
      <Filter>ImGui</Filter>
    </ClInclude>
    <ClInclude Include="..\3rdParty\DearImGui\backends\imgui_impl_opengl3.h">
      <Filter>ImGui\backends</Filter>
    </ClInclude>
    <ClInclude Include="..\3rdParty\DearImGui\backends\imgui_impl_opengl3_loader.h">
      <Filter>ImGui\backends</Filter>
    </ClInclude>
    <ClInclude Include="..\3rdParty\DearImGui\backends\imgui_impl_sdl.h">
      <Filter>ImGui\backends</Filter>
    </ClInclude>
    <ClInclude Include="CameraComponent.h">
      <Filter>Scenegraph\Components</Filter>
    </ClInclude>
    <ClInclude Include="Utils.h">
      <Filter>UtilityFiles</Filter>
    </ClInclude>
    <ClInclude Include="SoundManager.h">
      <Filter>Singletons</Filter>
    </ClInclude>
    <ClInclude Include="ServiceLocator.h">
      <Filter>Singletons</Filter>
    </ClInclude>
    <ClInclude Include="Sprite.h">
      <Filter>ToSort</Filter>
    </ClInclude>
    <ClInclude Include="AudioClip.h">
      <Filter>ToSort</Filter>
    </ClInclude>
    <ClInclude Include="Command.h">
      <Filter>ToSort</Filter>
    </ClInclude>
    <ClInclude Include="UIManager.h">
      <Filter>Singletons</Filter>
    </ClInclude>
    <ClInclude Include="UIElement.h">
      <Filter>ToSort\UI</Filter>
    </ClInclude>
    <ClInclude Include="UI_Image.h">
      <Filter>ToSort\UI</Filter>
    </ClInclude>
    <ClInclude Include="UI_Button.h">
      <Filter>ToSort\UI</Filter>
    </ClInclude>
    <ClInclude Include="UI_Text.h">
      <Filter>ToSort\UI</Filter>
    </ClInclude>
    <ClInclude Include="Font.h">
      <Filter>ToSort</Filter>
    </ClInclude>
  </ItemGroup>
  <ItemGroup>
    <ClCompile Include="PeakAEnginePCH.cpp" />
    <ClCompile Include="Logger.cpp">
      <Filter>Singletons</Filter>
    </ClCompile>
    <ClCompile Include="PeakAEngine.cpp">
      <Filter>Engine Files</Filter>
    </ClCompile>
    <ClCompile Include="BaseObserver.cpp">
      <Filter>ToSort</Filter>
    </ClCompile>
    <ClCompile Include="Subject.cpp">
      <Filter>ToSort</Filter>
    </ClCompile>
    <ClCompile Include="PeakAEnginePCH.cpp" />
    <ClCompile Include="JsonParser.cpp">
      <Filter>UtilityFiles\Other</Filter>
    </ClCompile>
    <ClCompile Include="FileIO.cpp">
      <Filter>UtilityFiles\Other</Filter>
    </ClCompile>
    <ClCompile Include="Time.cpp">
      <Filter>Singletons</Filter>
    </ClCompile>
    <ClCompile Include="ResourceManager.cpp">
      <Filter>Singletons</Filter>
    </ClCompile>
    <ClCompile Include="RenderManager.cpp">
      <Filter>Singletons</Filter>
    </ClCompile>
    <ClCompile Include="InputManager.cpp">
      <Filter>Singletons</Filter>
    </ClCompile>
    <ClCompile Include="Scene.cpp">
      <Filter>Scenegraph</Filter>
    </ClCompile>
    <ClCompile Include="GameObject.cpp">
      <Filter>Scenegraph</Filter>
    </ClCompile>
    <ClCompile Include="Component.cpp">
      <Filter>Scenegraph\Components</Filter>
    </ClCompile>
    <ClCompile Include="PhysicsHandler.cpp">
      <Filter>Scenegraph\Physics</Filter>
    </ClCompile>
    <ClCompile Include="Transform.cpp">
      <Filter>Scenegraph\Components</Filter>
    </ClCompile>
    <ClCompile Include="BoxCollider.cpp">
      <Filter>Scenegraph\Components\Physics</Filter>
    </ClCompile>
    <ClCompile Include="RigidBody.cpp">
      <Filter>Scenegraph\Components\Physics</Filter>
    </ClCompile>
    <ClCompile Include="SceneManager.cpp">
      <Filter>Singletons</Filter>
    </ClCompile>
    <ClCompile Include="RenderComponent.cpp">
      <Filter>Scenegraph\Components</Filter>
    </ClCompile>
    <ClCompile Include="SpriteRenderer.cpp">
      <Filter>Scenegraph\Components</Filter>
    </ClCompile>
    <ClCompile Include="GUIManager.cpp">
      <Filter>Singletons</Filter>
    </ClCompile>
    <ClCompile Include="..\3rdParty\DearImGui\imgui.cpp">
      <Filter>ImGui</Filter>
    </ClCompile>
    <ClCompile Include="..\3rdParty\DearImGui\imgui_demo.cpp">
      <Filter>ImGui</Filter>
    </ClCompile>
    <ClCompile Include="..\3rdParty\DearImGui\imgui_draw.cpp">
      <Filter>ImGui</Filter>
    </ClCompile>
    <ClCompile Include="..\3rdParty\DearImGui\imgui_tables.cpp">
      <Filter>ImGui</Filter>
    </ClCompile>
    <ClCompile Include="..\3rdParty\DearImGui\imgui_widgets.cpp">
      <Filter>ImGui</Filter>
    </ClCompile>
    <ClCompile Include="..\3rdParty\DearImGui\backends\imgui_impl_opengl3.cpp">
      <Filter>ImGui\backends</Filter>
    </ClCompile>
    <ClCompile Include="..\3rdParty\DearImGui\backends\imgui_impl_sdl.cpp">
      <Filter>ImGui\backends</Filter>
    </ClCompile>
    <ClCompile Include="CameraComponent.cpp">
      <Filter>Scenegraph\Components</Filter>
    </ClCompile>
    <ClCompile Include="Utils.cpp">
      <Filter>UtilityFiles</Filter>
    </ClCompile>
    <ClCompile Include="SoundManager.cpp">
      <Filter>Singletons</Filter>
    </ClCompile>
    <ClCompile Include="ServiceLocator.cpp">
      <Filter>Singletons</Filter>
    </ClCompile>
    <ClCompile Include="Sprite.cpp">
      <Filter>ToSort</Filter>
    </ClCompile>
    <ClCompile Include="AudioClip.cpp">
      <Filter>ToSort</Filter>
    </ClCompile>
    <ClCompile Include="UIManager.cpp">
      <Filter>Singletons</Filter>
    </ClCompile>
    <ClCompile Include="UIElement.cpp">
      <Filter>ToSort\UI</Filter>
    </ClCompile>
    <ClCompile Include="UI_Image.cpp">
      <Filter>ToSort\UI</Filter>
    </ClCompile>
    <ClCompile Include="UI_Button.cpp">
      <Filter>ToSort\UI</Filter>
    </ClCompile>
    <ClCompile Include="UI_Text.cpp">
      <Filter>ToSort\UI</Filter>
    </ClCompile>
    <ClCompile Include="Font.cpp">
      <Filter>ToSort</Filter>
    </ClCompile>
  </ItemGroup>
</Project>